{
  "requires": true,
  "lockfileVersion": 1,
  "dependencies": {
    "failure-lambda": {
      "version": "0.1.0",
      "resolved": "https://registry.npmjs.org/failure-lambda/-/failure-lambda-0.1.0.tgz",
      "integrity": "sha512-+m3M2XnkN7TaEkcya0glNC0vTvfXwy+DLsGndom2VZL4/iJK1ociQNHhaF55B5WInhYC1vY4Owquy+t1Gvoyjg=="
    }
  }
}
